
Microsoft Visual Studio Solution File, Format Version 12.00
# Visual Studio 2013
VisualStudioVersion = 12.0.31101.0
MinimumVisualStudioVersion = 10.0.40219.1
Project("{FAE04EC0-301F-11D3-BF4B-00C04F79EFBC}") = "Simsip.LineRunner.Ios", "Simsip.LineRunner.Ios.csproj", "{9471883D-11D7-4498-BE5A-8B2ABB3D87BC}"
EndProject
Project("{FAE04EC0-301F-11D3-BF4B-00C04F79EFBC}") = "Simsip.LineRunner.I18N", "..\Simsip.LineRunner.I18N\Simsip.LineRunner.I18N.csproj", "{A35DC14F-22CE-46AC-9B0E-BAB2047E4AED}"
EndProject
Project("{FAE04EC0-301F-11D3-BF4B-00C04F79EFBC}") = "cocos2d.iOS", "..\..\cocos2d-xna\cocos2d\cocos2d.iOS.csproj", "{A83510D8-7AED-411E-9616-DCFEA180969E}"
EndProject
Project("{FAE04EC0-301F-11D3-BF4B-00C04F79EFBC}") = "MonoGame.Framework.iOS", "..\..\cocos2d-xna\MonoGame\MonoGame.Framework\MonoGame.Framework.iOS.csproj", "{DB8508BB-9849-4CC2-BC0F-8EB5DACB3C47}"
EndProject
Project("{FAE04EC0-301F-11D3-BF4B-00C04F79EFBC}") = "Lidgren.Network.iOS", "..\..\cocos2d-xna\MonoGame\ThirdParty\Lidgren.Network\Lidgren.Network.iOS.csproj", "{734EAA48-F1CA-481A-B391-0285BC0E8B40}"
EndProject
Project("{FAE04EC0-301F-11D3-BF4B-00C04F79EFBC}") = "box2d.iOS", "..\..\cocos2d-xna\box2d\box2d.iOS.csproj", "{7877D4F9-F781-465A-9C1F-D113F246A994}"
EndProject
Project("{FAE04EC0-301F-11D3-BF4B-00C04F79EFBC}") = "MonoGame.Framework.Net.iOS", "..\..\cocos2d-xna\MonoGame\MonoGame.Framework\MonoGame.Framework.Net.iOS.csproj", "{D4838656-8545-4DC5-8822-D4AD313E17AC}"
EndProject
Global
	GlobalSection(SolutionConfigurationPlatforms) = preSolution
		Ad-Hoc|Any CPU = Ad-Hoc|Any CPU
		Ad-Hoc|iPhone = Ad-Hoc|iPhone
		Ad-Hoc|iPhoneSimulator = Ad-Hoc|iPhoneSimulator
		Ad-Hoc|Mixed Platforms = Ad-Hoc|Mixed Platforms
		AppStore|Any CPU = AppStore|Any CPU
		AppStore|iPhone = AppStore|iPhone
		AppStore|iPhoneSimulator = AppStore|iPhoneSimulator
		AppStore|Mixed Platforms = AppStore|Mixed Platforms
		Debug|Any CPU = Debug|Any CPU
		Debug|iPhone = Debug|iPhone
		Debug|iPhoneSimulator = Debug|iPhoneSimulator
		Debug|Mixed Platforms = Debug|Mixed Platforms
		Release|Any CPU = Release|Any CPU
		Release|iPhone = Release|iPhone
		Release|iPhoneSimulator = Release|iPhoneSimulator
		Release|Mixed Platforms = Release|Mixed Platforms
	EndGlobalSection
	GlobalSection(ProjectConfigurationPlatforms) = postSolution
		{9471883D-11D7-4498-BE5A-8B2ABB3D87BC}.Ad-Hoc|Any CPU.ActiveCfg = Ad-Hoc|iPhoneSimulator
		{9471883D-11D7-4498-BE5A-8B2ABB3D87BC}.Ad-Hoc|iPhone.ActiveCfg = Ad-Hoc|iPhone
		{9471883D-11D7-4498-BE5A-8B2ABB3D87BC}.Ad-Hoc|iPhone.Build.0 = Ad-Hoc|iPhone
		{9471883D-11D7-4498-BE5A-8B2ABB3D87BC}.Ad-Hoc|iPhone.Deploy.0 = Ad-Hoc|iPhone
		{9471883D-11D7-4498-BE5A-8B2ABB3D87BC}.Ad-Hoc|iPhoneSimulator.ActiveCfg = Ad-Hoc|iPhoneSimulator
		{9471883D-11D7-4498-BE5A-8B2ABB3D87BC}.Ad-Hoc|iPhoneSimulator.Build.0 = Ad-Hoc|iPhoneSimulator
		{9471883D-11D7-4498-BE5A-8B2ABB3D87BC}.Ad-Hoc|iPhoneSimulator.Deploy.0 = Ad-Hoc|iPhoneSimulator
		{9471883D-11D7-4498-BE5A-8B2ABB3D87BC}.Ad-Hoc|Mixed Platforms.ActiveCfg = Ad-Hoc|iPhoneSimulator
		{9471883D-11D7-4498-BE5A-8B2ABB3D87BC}.Ad-Hoc|Mixed Platforms.Build.0 = Ad-Hoc|iPhoneSimulator
		{9471883D-11D7-4498-BE5A-8B2ABB3D87BC}.Ad-Hoc|Mixed Platforms.Deploy.0 = Ad-Hoc|iPhoneSimulator
		{9471883D-11D7-4498-BE5A-8B2ABB3D87BC}.AppStore|Any CPU.ActiveCfg = AppStore|iPhoneSimulator
		{9471883D-11D7-4498-BE5A-8B2ABB3D87BC}.AppStore|iPhone.ActiveCfg = AppStore|iPhone
		{9471883D-11D7-4498-BE5A-8B2ABB3D87BC}.AppStore|iPhone.Build.0 = AppStore|iPhone
		{9471883D-11D7-4498-BE5A-8B2ABB3D87BC}.AppStore|iPhone.Deploy.0 = AppStore|iPhone
		{9471883D-11D7-4498-BE5A-8B2ABB3D87BC}.AppStore|iPhoneSimulator.ActiveCfg = AppStore|iPhoneSimulator
		{9471883D-11D7-4498-BE5A-8B2ABB3D87BC}.AppStore|iPhoneSimulator.Build.0 = AppStore|iPhoneSimulator
		{9471883D-11D7-4498-BE5A-8B2ABB3D87BC}.AppStore|iPhoneSimulator.Deploy.0 = AppStore|iPhoneSimulator
		{9471883D-11D7-4498-BE5A-8B2ABB3D87BC}.AppStore|Mixed Platforms.ActiveCfg = AppStore|iPhoneSimulator
		{9471883D-11D7-4498-BE5A-8B2ABB3D87BC}.AppStore|Mixed Platforms.Build.0 = AppStore|iPhoneSimulator
		{9471883D-11D7-4498-BE5A-8B2ABB3D87BC}.AppStore|Mixed Platforms.Deploy.0 = AppStore|iPhoneSimulator
		{9471883D-11D7-4498-BE5A-8B2ABB3D87BC}.Debug|Any CPU.ActiveCfg = Debug|iPhoneSimulator
		{9471883D-11D7-4498-BE5A-8B2ABB3D87BC}.Debug|iPhone.ActiveCfg = Debug|iPhone
		{9471883D-11D7-4498-BE5A-8B2ABB3D87BC}.Debug|iPhone.Build.0 = Debug|iPhone
		{9471883D-11D7-4498-BE5A-8B2ABB3D87BC}.Debug|iPhone.Deploy.0 = Debug|iPhone
		{9471883D-11D7-4498-BE5A-8B2ABB3D87BC}.Debug|iPhoneSimulator.ActiveCfg = Debug|iPhoneSimulator
		{9471883D-11D7-4498-BE5A-8B2ABB3D87BC}.Debug|iPhoneSimulator.Build.0 = Debug|iPhoneSimulator
		{9471883D-11D7-4498-BE5A-8B2ABB3D87BC}.Debug|iPhoneSimulator.Deploy.0 = Debug|iPhoneSimulator
		{9471883D-11D7-4498-BE5A-8B2ABB3D87BC}.Debug|Mixed Platforms.ActiveCfg = Debug|iPhoneSimulator
		{9471883D-11D7-4498-BE5A-8B2ABB3D87BC}.Debug|Mixed Platforms.Build.0 = Debug|iPhoneSimulator
		{9471883D-11D7-4498-BE5A-8B2ABB3D87BC}.Debug|Mixed Platforms.Deploy.0 = Debug|iPhoneSimulator
		{9471883D-11D7-4498-BE5A-8B2ABB3D87BC}.Release|Any CPU.ActiveCfg = Release|iPhoneSimulator
		{9471883D-11D7-4498-BE5A-8B2ABB3D87BC}.Release|iPhone.ActiveCfg = Release|iPhone
		{9471883D-11D7-4498-BE5A-8B2ABB3D87BC}.Release|iPhone.Build.0 = Release|iPhone
		{9471883D-11D7-4498-BE5A-8B2ABB3D87BC}.Release|iPhone.Deploy.0 = Release|iPhone
		{9471883D-11D7-4498-BE5A-8B2ABB3D87BC}.Release|iPhoneSimulator.ActiveCfg = Release|iPhoneSimulator
		{9471883D-11D7-4498-BE5A-8B2ABB3D87BC}.Release|iPhoneSimulator.Build.0 = Release|iPhoneSimulator
		{9471883D-11D7-4498-BE5A-8B2ABB3D87BC}.Release|iPhoneSimulator.Deploy.0 = Release|iPhoneSimulator
		{9471883D-11D7-4498-BE5A-8B2ABB3D87BC}.Release|Mixed Platforms.ActiveCfg = Release|iPhoneSimulator
		{9471883D-11D7-4498-BE5A-8B2ABB3D87BC}.Release|Mixed Platforms.Build.0 = Release|iPhoneSimulator
		{9471883D-11D7-4498-BE5A-8B2ABB3D87BC}.Release|Mixed Platforms.Deploy.0 = Release|iPhoneSimulator
		{A35DC14F-22CE-46AC-9B0E-BAB2047E4AED}.Ad-Hoc|Any CPU.ActiveCfg = Release|Any CPU
		{A35DC14F-22CE-46AC-9B0E-BAB2047E4AED}.Ad-Hoc|Any CPU.Build.0 = Release|Any CPU
		{A35DC14F-22CE-46AC-9B0E-BAB2047E4AED}.Ad-Hoc|iPhone.ActiveCfg = Release|Any CPU
		{A35DC14F-22CE-46AC-9B0E-BAB2047E4AED}.Ad-Hoc|iPhoneSimulator.ActiveCfg = Release|Any CPU
		{A35DC14F-22CE-46AC-9B0E-BAB2047E4AED}.Ad-Hoc|Mixed Platforms.ActiveCfg = Release|Any CPU
		{A35DC14F-22CE-46AC-9B0E-BAB2047E4AED}.Ad-Hoc|Mixed Platforms.Build.0 = Release|Any CPU
		{A35DC14F-22CE-46AC-9B0E-BAB2047E4AED}.AppStore|Any CPU.ActiveCfg = Release|Any CPU
		{A35DC14F-22CE-46AC-9B0E-BAB2047E4AED}.AppStore|Any CPU.Build.0 = Release|Any CPU
		{A35DC14F-22CE-46AC-9B0E-BAB2047E4AED}.AppStore|iPhone.ActiveCfg = Release|Any CPU
		{A35DC14F-22CE-46AC-9B0E-BAB2047E4AED}.AppStore|iPhoneSimulator.ActiveCfg = Release|Any CPU
		{A35DC14F-22CE-46AC-9B0E-BAB2047E4AED}.AppStore|Mixed Platforms.ActiveCfg = Release|Any CPU
		{A35DC14F-22CE-46AC-9B0E-BAB2047E4AED}.AppStore|Mixed Platforms.Build.0 = Release|Any CPU
		{A35DC14F-22CE-46AC-9B0E-BAB2047E4AED}.Debug|Any CPU.ActiveCfg = Debug|Any CPU
		{A35DC14F-22CE-46AC-9B0E-BAB2047E4AED}.Debug|Any CPU.Build.0 = Debug|Any CPU
		{A35DC14F-22CE-46AC-9B0E-BAB2047E4AED}.Debug|iPhone.ActiveCfg = Debug|Any CPU
		{A35DC14F-22CE-46AC-9B0E-BAB2047E4AED}.Debug|iPhoneSimulator.ActiveCfg = Debug|Any CPU
		{A35DC14F-22CE-46AC-9B0E-BAB2047E4AED}.Debug|Mixed Platforms.ActiveCfg = Debug|Any CPU
		{A35DC14F-22CE-46AC-9B0E-BAB2047E4AED}.Debug|Mixed Platforms.Build.0 = Debug|Any CPU
		{A35DC14F-22CE-46AC-9B0E-BAB2047E4AED}.Release|Any CPU.ActiveCfg = Release|Any CPU
		{A35DC14F-22CE-46AC-9B0E-BAB2047E4AED}.Release|Any CPU.Build.0 = Release|Any CPU
		{A35DC14F-22CE-46AC-9B0E-BAB2047E4AED}.Release|iPhone.ActiveCfg = Release|Any CPU
		{A35DC14F-22CE-46AC-9B0E-BAB2047E4AED}.Release|iPhoneSimulator.ActiveCfg = Release|Any CPU
		{A35DC14F-22CE-46AC-9B0E-BAB2047E4AED}.Release|Mixed Platforms.ActiveCfg = Release|Any CPU
		{A35DC14F-22CE-46AC-9B0E-BAB2047E4AED}.Release|Mixed Platforms.Build.0 = Release|Any CPU
		{A83510D8-7AED-411E-9616-DCFEA180969E}.Ad-Hoc|Any CPU.ActiveCfg = Release|iPhone
		{A83510D8-7AED-411E-9616-DCFEA180969E}.Ad-Hoc|iPhone.ActiveCfg = Release|iPhone
		{A83510D8-7AED-411E-9616-DCFEA180969E}.Ad-Hoc|iPhone.Build.0 = Release|iPhone
		{A83510D8-7AED-411E-9616-DCFEA180969E}.Ad-Hoc|iPhoneSimulator.ActiveCfg = Release|iPhoneSimulator
		{A83510D8-7AED-411E-9616-DCFEA180969E}.Ad-Hoc|iPhoneSimulator.Build.0 = Release|iPhoneSimulator
		{A83510D8-7AED-411E-9616-DCFEA180969E}.Ad-Hoc|Mixed Platforms.ActiveCfg = Release|iPhone
		{A83510D8-7AED-411E-9616-DCFEA180969E}.Ad-Hoc|Mixed Platforms.Build.0 = Release|iPhone
		{A83510D8-7AED-411E-9616-DCFEA180969E}.AppStore|Any CPU.ActiveCfg = Release|iPhone
		{A83510D8-7AED-411E-9616-DCFEA180969E}.AppStore|iPhone.ActiveCfg = Release|iPhone
		{A83510D8-7AED-411E-9616-DCFEA180969E}.AppStore|iPhone.Build.0 = Release|iPhone
		{A83510D8-7AED-411E-9616-DCFEA180969E}.AppStore|iPhoneSimulator.ActiveCfg = Release|iPhoneSimulator
		{A83510D8-7AED-411E-9616-DCFEA180969E}.AppStore|iPhoneSimulator.Build.0 = Release|iPhoneSimulator
		{A83510D8-7AED-411E-9616-DCFEA180969E}.AppStore|Mixed Platforms.ActiveCfg = Release|iPhone
		{A83510D8-7AED-411E-9616-DCFEA180969E}.AppStore|Mixed Platforms.Build.0 = Release|iPhone
		{A83510D8-7AED-411E-9616-DCFEA180969E}.Debug|Any CPU.ActiveCfg = Debug|iPhone
		{A83510D8-7AED-411E-9616-DCFEA180969E}.Debug|iPhone.ActiveCfg = Debug|iPhone
		{A83510D8-7AED-411E-9616-DCFEA180969E}.Debug|iPhone.Build.0 = Debug|iPhone
		{A83510D8-7AED-411E-9616-DCFEA180969E}.Debug|iPhoneSimulator.ActiveCfg = Debug|iPhoneSimulator
		{A83510D8-7AED-411E-9616-DCFEA180969E}.Debug|iPhoneSimulator.Build.0 = Debug|iPhoneSimulator
		{A83510D8-7AED-411E-9616-DCFEA180969E}.Debug|Mixed Platforms.ActiveCfg = Debug|iPhone
		{A83510D8-7AED-411E-9616-DCFEA180969E}.Debug|Mixed Platforms.Build.0 = Debug|iPhone
		{A83510D8-7AED-411E-9616-DCFEA180969E}.Release|Any CPU.ActiveCfg = Release|iPhone
		{A83510D8-7AED-411E-9616-DCFEA180969E}.Release|iPhone.ActiveCfg = Release|iPhone
		{A83510D8-7AED-411E-9616-DCFEA180969E}.Release|iPhone.Build.0 = Release|iPhone
		{A83510D8-7AED-411E-9616-DCFEA180969E}.Release|iPhoneSimulator.ActiveCfg = Release|iPhoneSimulator
		{A83510D8-7AED-411E-9616-DCFEA180969E}.Release|iPhoneSimulator.Build.0 = Release|iPhoneSimulator
		{A83510D8-7AED-411E-9616-DCFEA180969E}.Release|Mixed Platforms.ActiveCfg = Release|iPhone
		{A83510D8-7AED-411E-9616-DCFEA180969E}.Release|Mixed Platforms.Build.0 = Release|iPhone
		{DB8508BB-9849-4CC2-BC0F-8EB5DACB3C47}.Ad-Hoc|Any CPU.ActiveCfg = Ad-Hoc|iPhoneSimulator
		{DB8508BB-9849-4CC2-BC0F-8EB5DACB3C47}.Ad-Hoc|iPhone.ActiveCfg = Ad-Hoc|iPhone
		{DB8508BB-9849-4CC2-BC0F-8EB5DACB3C47}.Ad-Hoc|iPhone.Build.0 = Ad-Hoc|iPhone
		{DB8508BB-9849-4CC2-BC0F-8EB5DACB3C47}.Ad-Hoc|iPhoneSimulator.ActiveCfg = Ad-Hoc|iPhoneSimulator
		{DB8508BB-9849-4CC2-BC0F-8EB5DACB3C47}.Ad-Hoc|iPhoneSimulator.Build.0 = Ad-Hoc|iPhoneSimulator
		{DB8508BB-9849-4CC2-BC0F-8EB5DACB3C47}.Ad-Hoc|Mixed Platforms.ActiveCfg = Ad-Hoc|iPhoneSimulator
		{DB8508BB-9849-4CC2-BC0F-8EB5DACB3C47}.Ad-Hoc|Mixed Platforms.Build.0 = Ad-Hoc|iPhoneSimulator
		{DB8508BB-9849-4CC2-BC0F-8EB5DACB3C47}.AppStore|Any CPU.ActiveCfg = AppStore|iPhoneSimulator
		{DB8508BB-9849-4CC2-BC0F-8EB5DACB3C47}.AppStore|iPhone.ActiveCfg = AppStore|iPhone
		{DB8508BB-9849-4CC2-BC0F-8EB5DACB3C47}.AppStore|iPhone.Build.0 = AppStore|iPhone
		{DB8508BB-9849-4CC2-BC0F-8EB5DACB3C47}.AppStore|iPhoneSimulator.ActiveCfg = AppStore|iPhoneSimulator
		{DB8508BB-9849-4CC2-BC0F-8EB5DACB3C47}.AppStore|iPhoneSimulator.Build.0 = AppStore|iPhoneSimulator
		{DB8508BB-9849-4CC2-BC0F-8EB5DACB3C47}.AppStore|Mixed Platforms.ActiveCfg = AppStore|iPhoneSimulator
		{DB8508BB-9849-4CC2-BC0F-8EB5DACB3C47}.AppStore|Mixed Platforms.Build.0 = AppStore|iPhoneSimulator
		{DB8508BB-9849-4CC2-BC0F-8EB5DACB3C47}.Debug|Any CPU.ActiveCfg = Debug|iPhoneSimulator
		{DB8508BB-9849-4CC2-BC0F-8EB5DACB3C47}.Debug|iPhone.ActiveCfg = Debug|iPhone
		{DB8508BB-9849-4CC2-BC0F-8EB5DACB3C47}.Debug|iPhone.Build.0 = Debug|iPhone
		{DB8508BB-9849-4CC2-BC0F-8EB5DACB3C47}.Debug|iPhoneSimulator.ActiveCfg = Debug|iPhoneSimulator
		{DB8508BB-9849-4CC2-BC0F-8EB5DACB3C47}.Debug|iPhoneSimulator.Build.0 = Debug|iPhoneSimulator
		{DB8508BB-9849-4CC2-BC0F-8EB5DACB3C47}.Debug|Mixed Platforms.ActiveCfg = Debug|iPhoneSimulator
		{DB8508BB-9849-4CC2-BC0F-8EB5DACB3C47}.Debug|Mixed Platforms.Build.0 = Debug|iPhoneSimulator
		{DB8508BB-9849-4CC2-BC0F-8EB5DACB3C47}.Release|Any CPU.ActiveCfg = Release|iPhoneSimulator
		{DB8508BB-9849-4CC2-BC0F-8EB5DACB3C47}.Release|iPhone.ActiveCfg = Release|iPhone
		{DB8508BB-9849-4CC2-BC0F-8EB5DACB3C47}.Release|iPhone.Build.0 = Release|iPhone
		{DB8508BB-9849-4CC2-BC0F-8EB5DACB3C47}.Release|iPhoneSimulator.ActiveCfg = Release|iPhoneSimulator
		{DB8508BB-9849-4CC2-BC0F-8EB5DACB3C47}.Release|iPhoneSimulator.Build.0 = Release|iPhoneSimulator
		{DB8508BB-9849-4CC2-BC0F-8EB5DACB3C47}.Release|Mixed Platforms.ActiveCfg = Release|iPhoneSimulator
		{DB8508BB-9849-4CC2-BC0F-8EB5DACB3C47}.Release|Mixed Platforms.Build.0 = Release|iPhoneSimulator
		{734EAA48-F1CA-481A-B391-0285BC0E8B40}.Ad-Hoc|Any CPU.ActiveCfg = Ad-Hoc|iPhoneSimulator
		{734EAA48-F1CA-481A-B391-0285BC0E8B40}.Ad-Hoc|iPhone.ActiveCfg = Ad-Hoc|iPhone
		{734EAA48-F1CA-481A-B391-0285BC0E8B40}.Ad-Hoc|iPhone.Build.0 = Ad-Hoc|iPhone
		{734EAA48-F1CA-481A-B391-0285BC0E8B40}.Ad-Hoc|iPhoneSimulator.ActiveCfg = Ad-Hoc|iPhoneSimulator
		{734EAA48-F1CA-481A-B391-0285BC0E8B40}.Ad-Hoc|iPhoneSimulator.Build.0 = Ad-Hoc|iPhoneSimulator
		{734EAA48-F1CA-481A-B391-0285BC0E8B40}.Ad-Hoc|Mixed Platforms.ActiveCfg = Ad-Hoc|iPhoneSimulator
		{734EAA48-F1CA-481A-B391-0285BC0E8B40}.Ad-Hoc|Mixed Platforms.Build.0 = Ad-Hoc|iPhoneSimulator
		{734EAA48-F1CA-481A-B391-0285BC0E8B40}.AppStore|Any CPU.ActiveCfg = AppStore|iPhoneSimulator
		{734EAA48-F1CA-481A-B391-0285BC0E8B40}.AppStore|iPhone.ActiveCfg = AppStore|iPhone
		{734EAA48-F1CA-481A-B391-0285BC0E8B40}.AppStore|iPhone.Build.0 = AppStore|iPhone
		{734EAA48-F1CA-481A-B391-0285BC0E8B40}.AppStore|iPhoneSimulator.ActiveCfg = AppStore|iPhoneSimulator
		{734EAA48-F1CA-481A-B391-0285BC0E8B40}.AppStore|iPhoneSimulator.Build.0 = AppStore|iPhoneSimulator
		{734EAA48-F1CA-481A-B391-0285BC0E8B40}.AppStore|Mixed Platforms.ActiveCfg = AppStore|iPhoneSimulator
		{734EAA48-F1CA-481A-B391-0285BC0E8B40}.AppStore|Mixed Platforms.Build.0 = AppStore|iPhoneSimulator
		{734EAA48-F1CA-481A-B391-0285BC0E8B40}.Debug|Any CPU.ActiveCfg = Debug|iPhoneSimulator
		{734EAA48-F1CA-481A-B391-0285BC0E8B40}.Debug|iPhone.ActiveCfg = Debug|iPhone
		{734EAA48-F1CA-481A-B391-0285BC0E8B40}.Debug|iPhone.Build.0 = Debug|iPhone
		{734EAA48-F1CA-481A-B391-0285BC0E8B40}.Debug|iPhoneSimulator.ActiveCfg = Debug|iPhoneSimulator
		{734EAA48-F1CA-481A-B391-0285BC0E8B40}.Debug|iPhoneSimulator.Build.0 = Debug|iPhoneSimulator
		{734EAA48-F1CA-481A-B391-0285BC0E8B40}.Debug|Mixed Platforms.ActiveCfg = Debug|iPhoneSimulator
		{734EAA48-F1CA-481A-B391-0285BC0E8B40}.Debug|Mixed Platforms.Build.0 = Debug|iPhoneSimulator
		{734EAA48-F1CA-481A-B391-0285BC0E8B40}.Release|Any CPU.ActiveCfg = Release|iPhoneSimulator
		{734EAA48-F1CA-481A-B391-0285BC0E8B40}.Release|iPhone.ActiveCfg = Release|iPhone
		{734EAA48-F1CA-481A-B391-0285BC0E8B40}.Release|iPhone.Build.0 = Release|iPhone
		{734EAA48-F1CA-481A-B391-0285BC0E8B40}.Release|iPhoneSimulator.ActiveCfg = Release|iPhoneSimulator
		{734EAA48-F1CA-481A-B391-0285BC0E8B40}.Release|iPhoneSimulator.Build.0 = Release|iPhoneSimulator
		{734EAA48-F1CA-481A-B391-0285BC0E8B40}.Release|Mixed Platforms.ActiveCfg = Release|iPhoneSimulator
		{734EAA48-F1CA-481A-B391-0285BC0E8B40}.Release|Mixed Platforms.Build.0 = Release|iPhoneSimulator
		{7877D4F9-F781-465A-9C1F-D113F246A994}.Ad-Hoc|Any CPU.ActiveCfg = Ad-Hoc|iPhone
		{7877D4F9-F781-465A-9C1F-D113F246A994}.Ad-Hoc|iPhone.ActiveCfg = Ad-Hoc|iPhone
		{7877D4F9-F781-465A-9C1F-D113F246A994}.Ad-Hoc|iPhone.Build.0 = Ad-Hoc|iPhone
		{7877D4F9-F781-465A-9C1F-D113F246A994}.Ad-Hoc|iPhoneSimulator.ActiveCfg = Ad-Hoc|iPhoneSimulator
		{7877D4F9-F781-465A-9C1F-D113F246A994}.Ad-Hoc|iPhoneSimulator.Build.0 = Ad-Hoc|iPhoneSimulator
		{7877D4F9-F781-465A-9C1F-D113F246A994}.Ad-Hoc|Mixed Platforms.ActiveCfg = Ad-Hoc|iPhone
		{7877D4F9-F781-465A-9C1F-D113F246A994}.Ad-Hoc|Mixed Platforms.Build.0 = Ad-Hoc|iPhone
		{7877D4F9-F781-465A-9C1F-D113F246A994}.AppStore|Any CPU.ActiveCfg = AppStore|iPhone
		{7877D4F9-F781-465A-9C1F-D113F246A994}.AppStore|iPhone.ActiveCfg = AppStore|iPhone
		{7877D4F9-F781-465A-9C1F-D113F246A994}.AppStore|iPhone.Build.0 = AppStore|iPhone
		{7877D4F9-F781-465A-9C1F-D113F246A994}.AppStore|iPhoneSimulator.ActiveCfg = AppStore|iPhoneSimulator
		{7877D4F9-F781-465A-9C1F-D113F246A994}.AppStore|iPhoneSimulator.Build.0 = AppStore|iPhoneSimulator
		{7877D4F9-F781-465A-9C1F-D113F246A994}.AppStore|Mixed Platforms.ActiveCfg = AppStore|iPhone
		{7877D4F9-F781-465A-9C1F-D113F246A994}.AppStore|Mixed Platforms.Build.0 = AppStore|iPhone
		{7877D4F9-F781-465A-9C1F-D113F246A994}.Debug|Any CPU.ActiveCfg = Debug|iPhone
		{7877D4F9-F781-465A-9C1F-D113F246A994}.Debug|iPhone.ActiveCfg = Debug|iPhone
		{7877D4F9-F781-465A-9C1F-D113F246A994}.Debug|iPhone.Build.0 = Debug|iPhone
		{7877D4F9-F781-465A-9C1F-D113F246A994}.Debug|iPhoneSimulator.ActiveCfg = Debug|iPhoneSimulator
		{7877D4F9-F781-465A-9C1F-D113F246A994}.Debug|iPhoneSimulator.Build.0 = Debug|iPhoneSimulator
		{7877D4F9-F781-465A-9C1F-D113F246A994}.Debug|Mixed Platforms.ActiveCfg = Debug|iPhone
		{7877D4F9-F781-465A-9C1F-D113F246A994}.Debug|Mixed Platforms.Build.0 = Debug|iPhone
		{7877D4F9-F781-465A-9C1F-D113F246A994}.Release|Any CPU.ActiveCfg = Release|iPhone
		{7877D4F9-F781-465A-9C1F-D113F246A994}.Release|iPhone.ActiveCfg = Release|iPhone
		{7877D4F9-F781-465A-9C1F-D113F246A994}.Release|iPhone.Build.0 = Release|iPhone
		{7877D4F9-F781-465A-9C1F-D113F246A994}.Release|iPhoneSimulator.ActiveCfg = Release|iPhoneSimulator
		{7877D4F9-F781-465A-9C1F-D113F246A994}.Release|iPhoneSimulator.Build.0 = Release|iPhoneSimulator
		{7877D4F9-F781-465A-9C1F-D113F246A994}.Release|Mixed Platforms.ActiveCfg = Release|iPhone
		{7877D4F9-F781-465A-9C1F-D113F246A994}.Release|Mixed Platforms.Build.0 = Release|iPhone
		{D4838656-8545-4DC5-8822-D4AD313E17AC}.Ad-Hoc|Any CPU.ActiveCfg = Ad-Hoc|iPhoneSimulator
		{D4838656-8545-4DC5-8822-D4AD313E17AC}.Ad-Hoc|iPhone.ActiveCfg = Ad-Hoc|iPhone
		{D4838656-8545-4DC5-8822-D4AD313E17AC}.Ad-Hoc|iPhone.Build.0 = Ad-Hoc|iPhone
		{D4838656-8545-4DC5-8822-D4AD313E17AC}.Ad-Hoc|iPhoneSimulator.ActiveCfg = Ad-Hoc|iPhoneSimulator
		{D4838656-8545-4DC5-8822-D4AD313E17AC}.Ad-Hoc|iPhoneSimulator.Build.0 = Ad-Hoc|iPhoneSimulator
		{D4838656-8545-4DC5-8822-D4AD313E17AC}.Ad-Hoc|Mixed Platforms.ActiveCfg = Ad-Hoc|iPhoneSimulator
		{D4838656-8545-4DC5-8822-D4AD313E17AC}.Ad-Hoc|Mixed Platforms.Build.0 = Ad-Hoc|iPhoneSimulator
		{D4838656-8545-4DC5-8822-D4AD313E17AC}.AppStore|Any CPU.ActiveCfg = AppStore|iPhoneSimulator
		{D4838656-8545-4DC5-8822-D4AD313E17AC}.AppStore|iPhone.ActiveCfg = AppStore|iPhone
		{D4838656-8545-4DC5-8822-D4AD313E17AC}.AppStore|iPhone.Build.0 = AppStore|iPhone
		{D4838656-8545-4DC5-8822-D4AD313E17AC}.AppStore|iPhoneSimulator.ActiveCfg = AppStore|iPhoneSimulator
		{D4838656-8545-4DC5-8822-D4AD313E17AC}.AppStore|iPhoneSimulator.Build.0 = AppStore|iPhoneSimulator
		{D4838656-8545-4DC5-8822-D4AD313E17AC}.AppStore|Mixed Platforms.ActiveCfg = AppStore|iPhoneSimulator
		{D4838656-8545-4DC5-8822-D4AD313E17AC}.AppStore|Mixed Platforms.Build.0 = AppStore|iPhoneSimulator
		{D4838656-8545-4DC5-8822-D4AD313E17AC}.Debug|Any CPU.ActiveCfg = Debug|iPhoneSimulator
		{D4838656-8545-4DC5-8822-D4AD313E17AC}.Debug|iPhone.ActiveCfg = Debug|iPhone
		{D4838656-8545-4DC5-8822-D4AD313E17AC}.Debug|iPhone.Build.0 = Debug|iPhone
		{D4838656-8545-4DC5-8822-D4AD313E17AC}.Debug|iPhoneSimulator.ActiveCfg = Debug|iPhoneSimulator
		{D4838656-8545-4DC5-8822-D4AD313E17AC}.Debug|iPhoneSimulator.Build.0 = Debug|iPhoneSimulator
		{D4838656-8545-4DC5-8822-D4AD313E17AC}.Debug|Mixed Platforms.ActiveCfg = Debug|iPhoneSimulator
		{D4838656-8545-4DC5-8822-D4AD313E17AC}.Debug|Mixed Platforms.Build.0 = Debug|iPhoneSimulator
		{D4838656-8545-4DC5-8822-D4AD313E17AC}.Release|Any CPU.ActiveCfg = Release|iPhoneSimulator
		{D4838656-8545-4DC5-8822-D4AD313E17AC}.Release|iPhone.ActiveCfg = Release|iPhone
		{D4838656-8545-4DC5-8822-D4AD313E17AC}.Release|iPhone.Build.0 = Release|iPhone
		{D4838656-8545-4DC5-8822-D4AD313E17AC}.Release|iPhoneSimulator.ActiveCfg = Release|iPhoneSimulator
		{D4838656-8545-4DC5-8822-D4AD313E17AC}.Release|iPhoneSimulator.Build.0 = Release|iPhoneSimulator
		{D4838656-8545-4DC5-8822-D4AD313E17AC}.Release|Mixed Platforms.ActiveCfg = Release|iPhoneSimulator
		{D4838656-8545-4DC5-8822-D4AD313E17AC}.Release|Mixed Platforms.Build.0 = Release|iPhoneSimulator
	EndGlobalSection
	GlobalSection(SolutionProperties) = preSolution
		HideSolutionNode = FALSE
	EndGlobalSection
EndGlobal
