
Microsoft Visual Studio Solution File, Format Version 12.00
# Visual Studio 2013
VisualStudioVersion = 12.0.31101.0
MinimumVisualStudioVersion = 10.0.40219.1
Project("{FAE04EC0-301F-11D3-BF4B-00C04F79EFBC}") = "Simsip.LineRunner.Store", "Simsip.LineRunner.Store.csproj", "{D86AB7A9-B63C-493D-A911-5AC71BE7C59C}"
EndProject
Project("{FAE04EC0-301F-11D3-BF4B-00C04F79EFBC}") = "Cocos2d.WinRT", "..\..\cocos2d-xna\cocos2d\Cocos2d.WinRT.csproj", "{DC731E59-0193-4F7C-BC61-B53BA0BF1F3C}"
EndProject
Project("{FAE04EC0-301F-11D3-BF4B-00C04F79EFBC}") = "MonoGame.Framework.Windows8", "..\..\cocos2d-xna\MonoGame\MonoGame.Framework\MonoGame.Framework.Windows8.csproj", "{0518563C-ACCA-4A14-8C5D-DDBE93E2605F}"
EndProject
Project("{FAE04EC0-301F-11D3-BF4B-00C04F79EFBC}") = "Simsip.LineRunner.I18N", "..\Simsip.LineRunner.I18N\Simsip.LineRunner.I18N.csproj", "{A35DC14F-22CE-46AC-9B0E-BAB2047E4AED}"
EndProject
Project("{FAE04EC0-301F-11D3-BF4B-00C04F79EFBC}") = "box2d.Windows8", "..\..\cocos2d-xna\box2d\box2d.Windows8.csproj", "{B81B6701-7A78-4846-BF6F-04E0591F0F38}"
EndProject
Project("{FAE04EC0-301F-11D3-BF4B-00C04F79EFBC}") = "MonoGame.Framework.Net.Windows8", "..\..\cocos2d-xna\MonoGame\MonoGame.Framework\MonoGame.Framework.Net.Windows8.csproj", "{A65B8326-1DDD-4E5D-8130-E74F70919E81}"
EndProject
Global
	GlobalSection(SolutionConfigurationPlatforms) = preSolution
		Debug|Any CPU = Debug|Any CPU
		Debug|ARM = Debug|ARM
		Debug|x64 = Debug|x64
		Debug|x86 = Debug|x86
		Release|Any CPU = Release|Any CPU
		Release|ARM = Release|ARM
		Release|x64 = Release|x64
		Release|x86 = Release|x86
	EndGlobalSection
	GlobalSection(ProjectConfigurationPlatforms) = postSolution
		{D86AB7A9-B63C-493D-A911-5AC71BE7C59C}.Debug|Any CPU.ActiveCfg = Debug|x64
		{D86AB7A9-B63C-493D-A911-5AC71BE7C59C}.Debug|Any CPU.Build.0 = Debug|x64
		{D86AB7A9-B63C-493D-A911-5AC71BE7C59C}.Debug|Any CPU.Deploy.0 = Debug|x64
		{D86AB7A9-B63C-493D-A911-5AC71BE7C59C}.Debug|ARM.ActiveCfg = Debug|ARM
		{D86AB7A9-B63C-493D-A911-5AC71BE7C59C}.Debug|ARM.Build.0 = Debug|ARM
		{D86AB7A9-B63C-493D-A911-5AC71BE7C59C}.Debug|ARM.Deploy.0 = Debug|ARM
		{D86AB7A9-B63C-493D-A911-5AC71BE7C59C}.Debug|x64.ActiveCfg = Debug|x64
		{D86AB7A9-B63C-493D-A911-5AC71BE7C59C}.Debug|x64.Build.0 = Debug|x64
		{D86AB7A9-B63C-493D-A911-5AC71BE7C59C}.Debug|x64.Deploy.0 = Debug|x64
		{D86AB7A9-B63C-493D-A911-5AC71BE7C59C}.Debug|x86.ActiveCfg = Debug|x86
		{D86AB7A9-B63C-493D-A911-5AC71BE7C59C}.Debug|x86.Build.0 = Debug|x86
		{D86AB7A9-B63C-493D-A911-5AC71BE7C59C}.Debug|x86.Deploy.0 = Debug|x86
		{D86AB7A9-B63C-493D-A911-5AC71BE7C59C}.Release|Any CPU.ActiveCfg = Release|x64
		{D86AB7A9-B63C-493D-A911-5AC71BE7C59C}.Release|Any CPU.Build.0 = Release|x64
		{D86AB7A9-B63C-493D-A911-5AC71BE7C59C}.Release|Any CPU.Deploy.0 = Release|x64
		{D86AB7A9-B63C-493D-A911-5AC71BE7C59C}.Release|ARM.ActiveCfg = Release|ARM
		{D86AB7A9-B63C-493D-A911-5AC71BE7C59C}.Release|ARM.Build.0 = Release|ARM
		{D86AB7A9-B63C-493D-A911-5AC71BE7C59C}.Release|ARM.Deploy.0 = Release|ARM
		{D86AB7A9-B63C-493D-A911-5AC71BE7C59C}.Release|x64.ActiveCfg = Release|x64
		{D86AB7A9-B63C-493D-A911-5AC71BE7C59C}.Release|x64.Build.0 = Release|x64
		{D86AB7A9-B63C-493D-A911-5AC71BE7C59C}.Release|x64.Deploy.0 = Release|x64
		{D86AB7A9-B63C-493D-A911-5AC71BE7C59C}.Release|x86.ActiveCfg = Release|x86
		{D86AB7A9-B63C-493D-A911-5AC71BE7C59C}.Release|x86.Build.0 = Release|x86
		{D86AB7A9-B63C-493D-A911-5AC71BE7C59C}.Release|x86.Deploy.0 = Release|x86
		{DC731E59-0193-4F7C-BC61-B53BA0BF1F3C}.Debug|Any CPU.ActiveCfg = Debug|Any CPU
		{DC731E59-0193-4F7C-BC61-B53BA0BF1F3C}.Debug|Any CPU.Build.0 = Debug|Any CPU
		{DC731E59-0193-4F7C-BC61-B53BA0BF1F3C}.Debug|ARM.ActiveCfg = Debug|ARM
		{DC731E59-0193-4F7C-BC61-B53BA0BF1F3C}.Debug|ARM.Build.0 = Debug|ARM
		{DC731E59-0193-4F7C-BC61-B53BA0BF1F3C}.Debug|x64.ActiveCfg = Debug|x64
		{DC731E59-0193-4F7C-BC61-B53BA0BF1F3C}.Debug|x64.Build.0 = Debug|x64
		{DC731E59-0193-4F7C-BC61-B53BA0BF1F3C}.Debug|x86.ActiveCfg = Debug|x86
		{DC731E59-0193-4F7C-BC61-B53BA0BF1F3C}.Debug|x86.Build.0 = Debug|x86
		{DC731E59-0193-4F7C-BC61-B53BA0BF1F3C}.Release|Any CPU.ActiveCfg = Release|Any CPU
		{DC731E59-0193-4F7C-BC61-B53BA0BF1F3C}.Release|Any CPU.Build.0 = Release|Any CPU
		{DC731E59-0193-4F7C-BC61-B53BA0BF1F3C}.Release|ARM.ActiveCfg = Release|ARM
		{DC731E59-0193-4F7C-BC61-B53BA0BF1F3C}.Release|ARM.Build.0 = Release|ARM
		{DC731E59-0193-4F7C-BC61-B53BA0BF1F3C}.Release|x64.ActiveCfg = Release|x64
		{DC731E59-0193-4F7C-BC61-B53BA0BF1F3C}.Release|x64.Build.0 = Release|x64
		{DC731E59-0193-4F7C-BC61-B53BA0BF1F3C}.Release|x86.ActiveCfg = Release|x86
		{DC731E59-0193-4F7C-BC61-B53BA0BF1F3C}.Release|x86.Build.0 = Release|x86
		{0518563C-ACCA-4A14-8C5D-DDBE93E2605F}.Debug|Any CPU.ActiveCfg = Debug|Any CPU
		{0518563C-ACCA-4A14-8C5D-DDBE93E2605F}.Debug|Any CPU.Build.0 = Debug|Any CPU
		{0518563C-ACCA-4A14-8C5D-DDBE93E2605F}.Debug|ARM.ActiveCfg = Debug|Any CPU
		{0518563C-ACCA-4A14-8C5D-DDBE93E2605F}.Debug|x64.ActiveCfg = Debug|Any CPU
		{0518563C-ACCA-4A14-8C5D-DDBE93E2605F}.Debug|x86.ActiveCfg = Debug|Any CPU
		{0518563C-ACCA-4A14-8C5D-DDBE93E2605F}.Release|Any CPU.ActiveCfg = Release|Any CPU
		{0518563C-ACCA-4A14-8C5D-DDBE93E2605F}.Release|Any CPU.Build.0 = Release|Any CPU
		{0518563C-ACCA-4A14-8C5D-DDBE93E2605F}.Release|ARM.ActiveCfg = Release|Any CPU
		{0518563C-ACCA-4A14-8C5D-DDBE93E2605F}.Release|x64.ActiveCfg = Release|Any CPU
		{0518563C-ACCA-4A14-8C5D-DDBE93E2605F}.Release|x86.ActiveCfg = Release|Any CPU
		{A35DC14F-22CE-46AC-9B0E-BAB2047E4AED}.Debug|Any CPU.ActiveCfg = Debug|Any CPU
		{A35DC14F-22CE-46AC-9B0E-BAB2047E4AED}.Debug|Any CPU.Build.0 = Debug|Any CPU
		{A35DC14F-22CE-46AC-9B0E-BAB2047E4AED}.Debug|ARM.ActiveCfg = Debug|Any CPU
		{A35DC14F-22CE-46AC-9B0E-BAB2047E4AED}.Debug|x64.ActiveCfg = Debug|x64
		{A35DC14F-22CE-46AC-9B0E-BAB2047E4AED}.Debug|x64.Build.0 = Debug|x64
		{A35DC14F-22CE-46AC-9B0E-BAB2047E4AED}.Debug|x86.ActiveCfg = Debug|Any CPU
		{A35DC14F-22CE-46AC-9B0E-BAB2047E4AED}.Release|Any CPU.ActiveCfg = Release|Any CPU
		{A35DC14F-22CE-46AC-9B0E-BAB2047E4AED}.Release|Any CPU.Build.0 = Release|Any CPU
		{A35DC14F-22CE-46AC-9B0E-BAB2047E4AED}.Release|ARM.ActiveCfg = Release|Any CPU
		{A35DC14F-22CE-46AC-9B0E-BAB2047E4AED}.Release|x64.ActiveCfg = Release|Any CPU
		{A35DC14F-22CE-46AC-9B0E-BAB2047E4AED}.Release|x86.ActiveCfg = Release|Any CPU
		{B81B6701-7A78-4846-BF6F-04E0591F0F38}.Debug|Any CPU.ActiveCfg = Debug|Any CPU
		{B81B6701-7A78-4846-BF6F-04E0591F0F38}.Debug|Any CPU.Build.0 = Debug|Any CPU
		{B81B6701-7A78-4846-BF6F-04E0591F0F38}.Debug|ARM.ActiveCfg = Debug|ARM
		{B81B6701-7A78-4846-BF6F-04E0591F0F38}.Debug|ARM.Build.0 = Debug|ARM
		{B81B6701-7A78-4846-BF6F-04E0591F0F38}.Debug|x64.ActiveCfg = Debug|x64
		{B81B6701-7A78-4846-BF6F-04E0591F0F38}.Debug|x64.Build.0 = Debug|x64
		{B81B6701-7A78-4846-BF6F-04E0591F0F38}.Debug|x86.ActiveCfg = Debug|x86
		{B81B6701-7A78-4846-BF6F-04E0591F0F38}.Debug|x86.Build.0 = Debug|x86
		{B81B6701-7A78-4846-BF6F-04E0591F0F38}.Release|Any CPU.ActiveCfg = Release|Any CPU
		{B81B6701-7A78-4846-BF6F-04E0591F0F38}.Release|Any CPU.Build.0 = Release|Any CPU
		{B81B6701-7A78-4846-BF6F-04E0591F0F38}.Release|ARM.ActiveCfg = Release|ARM
		{B81B6701-7A78-4846-BF6F-04E0591F0F38}.Release|ARM.Build.0 = Release|ARM
		{B81B6701-7A78-4846-BF6F-04E0591F0F38}.Release|x64.ActiveCfg = Release|x64
		{B81B6701-7A78-4846-BF6F-04E0591F0F38}.Release|x64.Build.0 = Release|x64
		{B81B6701-7A78-4846-BF6F-04E0591F0F38}.Release|x86.ActiveCfg = Release|x86
		{B81B6701-7A78-4846-BF6F-04E0591F0F38}.Release|x86.Build.0 = Release|x86
		{A65B8326-1DDD-4E5D-8130-E74F70919E81}.Debug|Any CPU.ActiveCfg = Debug|Any CPU
		{A65B8326-1DDD-4E5D-8130-E74F70919E81}.Debug|Any CPU.Build.0 = Debug|Any CPU
		{A65B8326-1DDD-4E5D-8130-E74F70919E81}.Debug|ARM.ActiveCfg = Debug|Any CPU
		{A65B8326-1DDD-4E5D-8130-E74F70919E81}.Debug|x64.ActiveCfg = Debug|Any CPU
		{A65B8326-1DDD-4E5D-8130-E74F70919E81}.Debug|x86.ActiveCfg = Debug|Any CPU
		{A65B8326-1DDD-4E5D-8130-E74F70919E81}.Release|Any CPU.ActiveCfg = Release|Any CPU
		{A65B8326-1DDD-4E5D-8130-E74F70919E81}.Release|Any CPU.Build.0 = Release|Any CPU
		{A65B8326-1DDD-4E5D-8130-E74F70919E81}.Release|ARM.ActiveCfg = Release|Any CPU
		{A65B8326-1DDD-4E5D-8130-E74F70919E81}.Release|x64.ActiveCfg = Release|Any CPU
		{A65B8326-1DDD-4E5D-8130-E74F70919E81}.Release|x86.ActiveCfg = Release|Any CPU
	EndGlobalSection
	GlobalSection(SolutionProperties) = preSolution
		HideSolutionNode = FALSE
	EndGlobalSection
EndGlobal
