
Microsoft Visual Studio Solution File, Format Version 12.00
# Visual Studio 2012
Project("{FAE04EC0-301F-11D3-BF4B-00C04F79EFBC}") = "iRateDemo-Classic", "iRateDemo-Classic.csproj", "{646B7A7B-89C3-432E-8388-94ADFC4DD4FE}"
EndProject
Project("{FAE04EC0-301F-11D3-BF4B-00C04F79EFBC}") = "MTiRate-Classic", "..\..\binding\MTiRate-Classic.csproj", "{73B16F2C-F815-4E1B-A1A2-4B79AFCBE533}"
EndProject
Global
	GlobalSection(SolutionConfigurationPlatforms) = preSolution
		Debug|iPhoneSimulator = Debug|iPhoneSimulator
		Release|iPhoneSimulator = Release|iPhoneSimulator
		Debug|iPhone = Debug|iPhone
		Release|iPhone = Release|iPhone
		Ad-Hoc|iPhone = Ad-Hoc|iPhone
		AppStore|iPhone = AppStore|iPhone
	EndGlobalSection
	GlobalSection(ProjectConfigurationPlatforms) = postSolution
		{646B7A7B-89C3-432E-8388-94ADFC4DD4FE}.Ad-Hoc|iPhone.ActiveCfg = Ad-Hoc|iPhone
		{646B7A7B-89C3-432E-8388-94ADFC4DD4FE}.Ad-Hoc|iPhone.Build.0 = Ad-Hoc|iPhone
		{646B7A7B-89C3-432E-8388-94ADFC4DD4FE}.AppStore|iPhone.ActiveCfg = AppStore|iPhone
		{646B7A7B-89C3-432E-8388-94ADFC4DD4FE}.AppStore|iPhone.Build.0 = AppStore|iPhone
		{646B7A7B-89C3-432E-8388-94ADFC4DD4FE}.Debug|iPhone.ActiveCfg = Debug|iPhone
		{646B7A7B-89C3-432E-8388-94ADFC4DD4FE}.Debug|iPhone.Build.0 = Debug|iPhone
		{646B7A7B-89C3-432E-8388-94ADFC4DD4FE}.Debug|iPhoneSimulator.ActiveCfg = Debug|iPhoneSimulator
		{646B7A7B-89C3-432E-8388-94ADFC4DD4FE}.Debug|iPhoneSimulator.Build.0 = Debug|iPhoneSimulator
		{646B7A7B-89C3-432E-8388-94ADFC4DD4FE}.Release|iPhone.ActiveCfg = Release|iPhone
		{646B7A7B-89C3-432E-8388-94ADFC4DD4FE}.Release|iPhone.Build.0 = Release|iPhone
		{646B7A7B-89C3-432E-8388-94ADFC4DD4FE}.Release|iPhoneSimulator.ActiveCfg = Release|iPhoneSimulator
		{646B7A7B-89C3-432E-8388-94ADFC4DD4FE}.Release|iPhoneSimulator.Build.0 = Release|iPhoneSimulator
		{73B16F2C-F815-4E1B-A1A2-4B79AFCBE533}.Ad-Hoc|iPhone.ActiveCfg = Release|Any CPU
		{73B16F2C-F815-4E1B-A1A2-4B79AFCBE533}.Ad-Hoc|iPhone.Build.0 = Release|Any CPU
		{73B16F2C-F815-4E1B-A1A2-4B79AFCBE533}.AppStore|iPhone.ActiveCfg = Release|Any CPU
		{73B16F2C-F815-4E1B-A1A2-4B79AFCBE533}.AppStore|iPhone.Build.0 = Release|Any CPU
		{73B16F2C-F815-4E1B-A1A2-4B79AFCBE533}.Debug|iPhone.ActiveCfg = Debug|Any CPU
		{73B16F2C-F815-4E1B-A1A2-4B79AFCBE533}.Debug|iPhone.Build.0 = Debug|Any CPU
		{73B16F2C-F815-4E1B-A1A2-4B79AFCBE533}.Debug|iPhoneSimulator.ActiveCfg = Debug|Any CPU
		{73B16F2C-F815-4E1B-A1A2-4B79AFCBE533}.Debug|iPhoneSimulator.Build.0 = Debug|Any CPU
		{73B16F2C-F815-4E1B-A1A2-4B79AFCBE533}.Release|iPhone.ActiveCfg = Release|Any CPU
		{73B16F2C-F815-4E1B-A1A2-4B79AFCBE533}.Release|iPhone.Build.0 = Release|Any CPU
		{73B16F2C-F815-4E1B-A1A2-4B79AFCBE533}.Release|iPhoneSimulator.ActiveCfg = Release|Any CPU
		{73B16F2C-F815-4E1B-A1A2-4B79AFCBE533}.Release|iPhoneSimulator.Build.0 = Release|Any CPU
	EndGlobalSection
	GlobalSection(MonoDevelopProperties) = preSolution
		StartupItem = iRateDemo-Classic.csproj
	EndGlobalSection
EndGlobal
